
Microsoft Visual Studio Solution File, Format Version 12.00
# Visual Studio Version 17
VisualStudioVersion = 17.4.33122.133
MinimumVisualStudioVersion = 10.0.40219.1
Project("{FAE04EC0-301F-11D3-BF4B-00C04F79EFBC}") = "AlwaysFurious", "AlwaysFurious\AlwaysFurious.csproj", "{A3E54E92-A3FD-4C9C-AF17-7780AE6D6361}"
EndProject
Project("{2150E333-8FDC-42A3-9474-1A3956D46DE8}") = "Solution Files", "Solution Files", "{F50671C8-06E2-4D36-B2B6-64B171E7FEDA}"
	ProjectSection(SolutionItems) = preProject
		.github\workflows\build.yml = .github\workflows\build.yml
		.github\dependabot.yml = .github\dependabot.yml
		README.md = README.md
	EndProjectSection
EndProject
Global
	GlobalSection(SolutionConfigurationPlatforms) = preSolution
		Debug|Any CPU = Debug|Any CPU
		Release|Any CPU = Release|Any CPU
	EndGlobalSection
	GlobalSection(ProjectConfigurationPlatforms) = postSolution
		{A3E54E92-A3FD-4C9C-AF17-7780AE6D6361}.Debug|Any CPU.ActiveCfg = Debug|Any CPU
		{A3E54E92-A3FD-4C9C-AF17-7780AE6D6361}.Debug|Any CPU.Build.0 = Debug|Any CPU
		{A3E54E92-A3FD-4C9C-AF17-7780AE6D6361}.Release|Any CPU.ActiveCfg = Release|Any CPU
		{A3E54E92-A3FD-4C9C-AF17-7780AE6D6361}.Release|Any CPU.Build.0 = Release|Any CPU
	EndGlobalSection
	GlobalSection(SolutionProperties) = preSolution
		HideSolutionNode = FALSE
	EndGlobalSection
	GlobalSection(ExtensibilityGlobals) = postSolution
		SolutionGuid = {4A238E21-8EA4-45FA-9E17-46533A3D91E9}
	EndGlobalSection
EndGlobal
